
Microsoft Visual Studio Solution File, Format Version 12.00
# Visual Studio Version 17
VisualStudioVersion = 17.9.34607.119
MinimumVisualStudioVersion = 10.0.40219.1
Project("{FAE04EC0-301F-11D3-BF4B-00C04F79EFBC}") = "word", "word\word.csproj", "{EBA7539D-3688-4104-95CE-7AA6EA3E33C9}"
EndProject
Global
	GlobalSection(SolutionConfigurationPlatforms) = preSolution
		Debug|Any CPU = Debug|Any CPU
		Release|Any CPU = Release|Any CPU
	EndGlobalSection
	GlobalSection(ProjectConfigurationPlatforms) = postSolution
		{EBA7539D-3688-4104-95CE-7AA6EA3E33C9}.Debug|Any CPU.ActiveCfg = Debug|Any CPU
		{EBA7539D-3688-4104-95CE-7AA6EA3E33C9}.Debug|Any CPU.Build.0 = Debug|Any CPU
		{EBA7539D-3688-4104-95CE-7AA6EA3E33C9}.Release|Any CPU.ActiveCfg = Release|Any CPU
		{EBA7539D-3688-4104-95CE-7AA6EA3E33C9}.Release|Any CPU.Build.0 = Release|Any CPU
	EndGlobalSection
	GlobalSection(SolutionProperties) = preSolution
		HideSolutionNode = FALSE
	EndGlobalSection
	GlobalSection(ExtensibilityGlobals) = postSolution
		SolutionGuid = {5607BF5A-EB68-4737-B4C0-E5A7A575527F}
	EndGlobalSection
EndGlobal
